
Microsoft Visual Studio Solution File, Format Version 12.00
# Visual Studio Version 16
VisualStudioVersion = 16.0.30523.141
MinimumVisualStudioVersion = 10.0.40219.1
Project("{FAE04EC0-301F-11D3-BF4B-00C04F79EFBC}") = "Proiect_Me", "Proiect_Me\Proiect_Me.csproj", "{09F46BB1-9859-45AD-982B-9A41C5C5982C}"
EndProject
Global
	GlobalSection(SolutionConfigurationPlatforms) = preSolution
		Debug|Any CPU = Debug|Any CPU
		Release|Any CPU = Release|Any CPU
	EndGlobalSection
	GlobalSection(ProjectConfigurationPlatforms) = postSolution
		{09F46BB1-9859-45AD-982B-9A41C5C5982C}.Debug|Any CPU.ActiveCfg = Debug|Any CPU
		{09F46BB1-9859-45AD-982B-9A41C5C5982C}.Debug|Any CPU.Build.0 = Debug|Any CPU
		{09F46BB1-9859-45AD-982B-9A41C5C5982C}.Release|Any CPU.ActiveCfg = Release|Any CPU
		{09F46BB1-9859-45AD-982B-9A41C5C5982C}.Release|Any CPU.Build.0 = Release|Any CPU
	EndGlobalSection
	GlobalSection(SolutionProperties) = preSolution
		HideSolutionNode = FALSE
	EndGlobalSection
	GlobalSection(ExtensibilityGlobals) = postSolution
		SolutionGuid = {80B18159-B80F-4950-B49E-6FD176F0FA90}
	EndGlobalSection
EndGlobal
